
Microsoft Visual Studio Solution File, Format Version 12.00
# Visual Studio 15
Project("{FAE04EC0-301F-11D3-BF4B-00C04F79EFBC}") = "Oculus.Platform", "Oculus.Platform.csproj", "{02BFC62E-919F-C182-9EEE-839FB8AC4B91}"
EndProject
Project("{FAE04EC0-301F-11D3-BF4B-00C04F79EFBC}") = "Assembly-CSharp", "Assembly-CSharp.csproj", "{96D1BA34-82F6-D1EE-2D97-A32CAA64C91A}"
EndProject
Project("{FAE04EC0-301F-11D3-BF4B-00C04F79EFBC}") = "Meta.WitAi", "Meta.WitAi.csproj", "{B703DDB1-DBE2-FB1F-F2A7-7D39B7E9ED9B}"
EndProject
Project("{FAE04EC0-301F-11D3-BF4B-00C04F79EFBC}") = "Oculus.Spatializer", "Oculus.Spatializer.csproj", "{4804F08E-CA93-5FB0-0D2F-0199495438F9}"
EndProject
Project("{FAE04EC0-301F-11D3-BF4B-00C04F79EFBC}") = "Oculus.Interaction", "Oculus.Interaction.csproj", "{FF8B7D50-0D47-81CF-CE07-1251E0807E18}"
EndProject
Project("{FAE04EC0-301F-11D3-BF4B-00C04F79EFBC}") = "Oculus.Interaction.OVR.Samples", "Oculus.Interaction.OVR.Samples.csproj", "{674E4B5C-4582-CFF0-3B3E-673D60305C16}"
EndProject
Project("{FAE04EC0-301F-11D3-BF4B-00C04F79EFBC}") = "Oculus.VR", "Oculus.VR.csproj", "{7A6A694A-82E6-B3B9-4505-7735A2C015F5}"
EndProject
Project("{FAE04EC0-301F-11D3-BF4B-00C04F79EFBC}") = "VoiceSDK.Dictation.Runtime", "VoiceSDK.Dictation.Runtime.csproj", "{7A6FF0D6-F967-29D9-48A9-13E06A362B18}"
EndProject
Project("{FAE04EC0-301F-11D3-BF4B-00C04F79EFBC}") = "Meta.WitAi.TTS", "Meta.WitAi.TTS.csproj", "{85F177A4-A436-5167-69EE-3C60680FC6C2}"
EndProject
Project("{FAE04EC0-301F-11D3-BF4B-00C04F79EFBC}") = "Meta.WitAi.Lib", "Meta.WitAi.Lib.csproj", "{522302C3-62BE-891A-D222-7B89F93C740E}"
EndProject
Project("{FAE04EC0-301F-11D3-BF4B-00C04F79EFBC}") = "Oculus.AudioManager", "Oculus.AudioManager.csproj", "{9D63A7D6-147F-3158-4A4A-96ABBBDEAA9E}"
EndProject
Project("{FAE04EC0-301F-11D3-BF4B-00C04F79EFBC}") = "VoiceSDK.Runtime", "VoiceSDK.Runtime.csproj", "{DC3A18FE-B503-7099-E740-89A7691F0DBC}"
EndProject
Project("{FAE04EC0-301F-11D3-BF4B-00C04F79EFBC}") = "Facebook.Wit.Dictation", "Facebook.Wit.Dictation.csproj", "{AF47136C-DA29-641C-9E06-5C40348BDE91}"
EndProject
Project("{FAE04EC0-301F-11D3-BF4B-00C04F79EFBC}") = "Meta.WitAi.TTS.Samples", "Meta.WitAi.TTS.Samples.csproj", "{8F2C77DE-3649-047C-1934-A545FE134AC0}"
EndProject
Project("{FAE04EC0-301F-11D3-BF4B-00C04F79EFBC}") = "Oculus.Voice.Demo", "Oculus.Voice.Demo.csproj", "{2D3C06FC-095E-A7F4-6942-237FCBB1E4A9}"
EndProject
Project("{FAE04EC0-301F-11D3-BF4B-00C04F79EFBC}") = "Oculus.Interaction.OVR", "Oculus.Interaction.OVR.csproj", "{A46D5770-6087-1DB0-6CD5-9AD724888239}"
EndProject
Project("{FAE04EC0-301F-11D3-BF4B-00C04F79EFBC}") = "AssistantCoreSDKRuntime", "AssistantCoreSDKRuntime.csproj", "{4EB3DC42-67FE-A4A6-BC61-E1620574F8ED}"
EndProject
Project("{FAE04EC0-301F-11D3-BF4B-00C04F79EFBC}") = "Meta.WitAi.Conduit", "Meta.WitAi.Conduit.csproj", "{4A4D9592-57F7-E54E-3DF8-43C5D5E7BA28}"
EndProject
Project("{FAE04EC0-301F-11D3-BF4B-00C04F79EFBC}") = "Oculus.LipSync", "Oculus.LipSync.csproj", "{05FB44B7-3879-5FA6-1022-38AD2C59196D}"
EndProject
Project("{FAE04EC0-301F-11D3-BF4B-00C04F79EFBC}") = "Meta.VoiceSDK.Mic.Other", "Meta.VoiceSDK.Mic.Other.csproj", "{6A82FBA0-EA10-15C6-7C8B-B92A889FB9B1}"
EndProject
Project("{FAE04EC0-301F-11D3-BF4B-00C04F79EFBC}") = "Meta.VoiceSDK.Mic.Common", "Meta.VoiceSDK.Mic.Common.csproj", "{A2DAFC42-DE6C-D5D4-540E-1A1B5D23E631}"
EndProject
Project("{FAE04EC0-301F-11D3-BF4B-00C04F79EFBC}") = "Meta.VoiceSDK.Mic.WebGL", "Meta.VoiceSDK.Mic.WebGL.csproj", "{3D9DE40A-1F18-3F11-6BDB-28A9A524CE66}"
EndProject
Project("{FAE04EC0-301F-11D3-BF4B-00C04F79EFBC}") = "Meta.WitAi.Editor", "Meta.WitAi.Editor.csproj", "{E8DF925A-10B9-3645-2F9F-7B2838C8D426}"
EndProject
Project("{FAE04EC0-301F-11D3-BF4B-00C04F79EFBC}") = "Meta.WitAi.Conduit.Editor", "Meta.WitAi.Conduit.Editor.csproj", "{11B6C55D-2F6D-FD6F-5031-F844DF7F7C2C}"
EndProject
Project("{FAE04EC0-301F-11D3-BF4B-00C04F79EFBC}") = "Oculus.Interaction.Editor", "Oculus.Interaction.Editor.csproj", "{841C4FDD-0407-90A6-FD33-69C1320F01F7}"
EndProject
Project("{FAE04EC0-301F-11D3-BF4B-00C04F79EFBC}") = "Meta.WitAI.Lib.Editor", "Meta.WitAI.Lib.Editor.csproj", "{5A474FD7-B90B-21E1-2F10-12DA8E7A7160}"
EndProject
Project("{FAE04EC0-301F-11D3-BF4B-00C04F79EFBC}") = "Oculus.VR.Editor", "Oculus.VR.Editor.csproj", "{4DDE4837-1884-9150-20E2-015F25AD8BC2}"
EndProject
Project("{FAE04EC0-301F-11D3-BF4B-00C04F79EFBC}") = "Oculus.Interaction.OVR.Editor", "Oculus.Interaction.OVR.Editor.csproj", "{4997C34F-D05E-D0DA-BEC6-3C612F4776F6}"
EndProject
Project("{FAE04EC0-301F-11D3-BF4B-00C04F79EFBC}") = "Assembly-CSharp-Editor", "Assembly-CSharp-Editor.csproj", "{160DEFC1-F29B-A952-2E4B-BB21BB0EFD8F}"
EndProject
Project("{FAE04EC0-301F-11D3-BF4B-00C04F79EFBC}") = "Oculus.Interaction.Samples.Editor", "Oculus.Interaction.Samples.Editor.csproj", "{E268F9BD-8A63-5A96-5260-A1BD9BB7D0F0}"
EndProject
Project("{FAE04EC0-301F-11D3-BF4B-00C04F79EFBC}") = "Oculus.VR.Scripts.Editor", "Oculus.VR.Scripts.Editor.csproj", "{57481F07-C9DF-2FE7-7ED1-02DD46A2E339}"
EndProject
Project("{FAE04EC0-301F-11D3-BF4B-00C04F79EFBC}") = "VoiceSDK.Editor", "VoiceSDK.Editor.csproj", "{1AB71252-1DAD-E303-39A8-8EE88AA72EF8}"
EndProject
Project("{FAE04EC0-301F-11D3-BF4B-00C04F79EFBC}") = "Oculus.Spatializer.Editor", "Oculus.Spatializer.Editor.csproj", "{05BFC795-6005-B2C1-12CE-D7B6C514B9D1}"
EndProject
Project("{FAE04EC0-301F-11D3-BF4B-00C04F79EFBC}") = "Meta.WitAi.TTS.Editor", "Meta.WitAi.TTS.Editor.csproj", "{FB218B21-03DC-AA8C-930B-6AF145A5AD98}"
EndProject
Project("{FAE04EC0-301F-11D3-BF4B-00C04F79EFBC}") = "Facebook.Wit.Dictation.Editor", "Facebook.Wit.Dictation.Editor.csproj", "{3BBB6A23-4230-0059-52E2-1AADEF23F9B2}"
EndProject
Project("{FAE04EC0-301F-11D3-BF4B-00C04F79EFBC}") = "VoiceSDK.Dictation.Editor", "VoiceSDK.Dictation.Editor.csproj", "{682F572B-76C4-FD9D-5B78-B4163481B837}"
EndProject
Project("{FAE04EC0-301F-11D3-BF4B-00C04F79EFBC}") = "Oculus.Platform.Editor", "Oculus.Platform.Editor.csproj", "{2B631611-1BFF-098A-C8EF-2BD0A79AF370}"
EndProject
Project("{FAE04EC0-301F-11D3-BF4B-00C04F79EFBC}") = "Oculus.AudioManager.Audio.Editor", "Oculus.AudioManager.Audio.Editor.csproj", "{F3F5E543-F671-67AF-DC92-F857D5CE6218}"
EndProject
Project("{FAE04EC0-301F-11D3-BF4B-00C04F79EFBC}") = "Oculus.Interaction.InterfaceSupport", "Oculus.Interaction.InterfaceSupport.csproj", "{0C1F2890-D10D-054B-0390-52A732D42CD1}"
EndProject
Project("{FAE04EC0-301F-11D3-BF4B-00C04F79EFBC}") = "Oculus.LipSync.Editor", "Oculus.LipSync.Editor.csproj", "{2D7D86E2-83EC-3EEB-CC5F-E0AAC6AC8B50}"
EndProject
Project("{FAE04EC0-301F-11D3-BF4B-00C04F79EFBC}") = "AssistantCoreSDKEditor", "AssistantCoreSDKEditor.csproj", "{D73BBFDA-E01C-0AD2-A092-0829DCA1E3CB}"
EndProject
Project("{FAE04EC0-301F-11D3-BF4B-00C04F79EFBC}") = "Oculus.AudioManager.Utils.Editor", "Oculus.AudioManager.Utils.Editor.csproj", "{1EB644C6-1319-7C36-3E33-8ABBD807CB8D}"
EndProject
Global
	GlobalSection(SolutionConfigurationPlatforms) = preSolution
		Debug|Any CPU = Debug|Any CPU
		Release|Any CPU = Release|Any CPU
	EndGlobalSection
	GlobalSection(ProjectConfigurationPlatforms) = postSolution
		{02BFC62E-919F-C182-9EEE-839FB8AC4B91}.Debug|Any CPU.ActiveCfg = Debug|Any CPU
		{02BFC62E-919F-C182-9EEE-839FB8AC4B91}.Debug|Any CPU.Build.0 = Debug|Any CPU
		{02BFC62E-919F-C182-9EEE-839FB8AC4B91}.Release|Any CPU.ActiveCfg = Release|Any CPU
		{02BFC62E-919F-C182-9EEE-839FB8AC4B91}.Release|Any CPU.Build.0 = Release|Any CPU
		{96D1BA34-82F6-D1EE-2D97-A32CAA64C91A}.Debug|Any CPU.ActiveCfg = Debug|Any CPU
		{96D1BA34-82F6-D1EE-2D97-A32CAA64C91A}.Debug|Any CPU.Build.0 = Debug|Any CPU
		{96D1BA34-82F6-D1EE-2D97-A32CAA64C91A}.Release|Any CPU.ActiveCfg = Release|Any CPU
		{96D1BA34-82F6-D1EE-2D97-A32CAA64C91A}.Release|Any CPU.Build.0 = Release|Any CPU
		{B703DDB1-DBE2-FB1F-F2A7-7D39B7E9ED9B}.Debug|Any CPU.ActiveCfg = Debug|Any CPU
		{B703DDB1-DBE2-FB1F-F2A7-7D39B7E9ED9B}.Debug|Any CPU.Build.0 = Debug|Any CPU
		{B703DDB1-DBE2-FB1F-F2A7-7D39B7E9ED9B}.Release|Any CPU.ActiveCfg = Release|Any CPU
		{B703DDB1-DBE2-FB1F-F2A7-7D39B7E9ED9B}.Release|Any CPU.Build.0 = Release|Any CPU
		{4804F08E-CA93-5FB0-0D2F-0199495438F9}.Debug|Any CPU.ActiveCfg = Debug|Any CPU
		{4804F08E-CA93-5FB0-0D2F-0199495438F9}.Debug|Any CPU.Build.0 = Debug|Any CPU
		{4804F08E-CA93-5FB0-0D2F-0199495438F9}.Release|Any CPU.ActiveCfg = Release|Any CPU
		{4804F08E-CA93-5FB0-0D2F-0199495438F9}.Release|Any CPU.Build.0 = Release|Any CPU
		{FF8B7D50-0D47-81CF-CE07-1251E0807E18}.Debug|Any CPU.ActiveCfg = Debug|Any CPU
		{FF8B7D50-0D47-81CF-CE07-1251E0807E18}.Debug|Any CPU.Build.0 = Debug|Any CPU
		{FF8B7D50-0D47-81CF-CE07-1251E0807E18}.Release|Any CPU.ActiveCfg = Release|Any CPU
		{FF8B7D50-0D47-81CF-CE07-1251E0807E18}.Release|Any CPU.Build.0 = Release|Any CPU
		{674E4B5C-4582-CFF0-3B3E-673D60305C16}.Debug|Any CPU.ActiveCfg = Debug|Any CPU
		{674E4B5C-4582-CFF0-3B3E-673D60305C16}.Debug|Any CPU.Build.0 = Debug|Any CPU
		{674E4B5C-4582-CFF0-3B3E-673D60305C16}.Release|Any CPU.ActiveCfg = Release|Any CPU
		{674E4B5C-4582-CFF0-3B3E-673D60305C16}.Release|Any CPU.Build.0 = Release|Any CPU
		{7A6A694A-82E6-B3B9-4505-7735A2C015F5}.Debug|Any CPU.ActiveCfg = Debug|Any CPU
		{7A6A694A-82E6-B3B9-4505-7735A2C015F5}.Debug|Any CPU.Build.0 = Debug|Any CPU
		{7A6A694A-82E6-B3B9-4505-7735A2C015F5}.Release|Any CPU.ActiveCfg = Release|Any CPU
		{7A6A694A-82E6-B3B9-4505-7735A2C015F5}.Release|Any CPU.Build.0 = Release|Any CPU
		{7A6FF0D6-F967-29D9-48A9-13E06A362B18}.Debug|Any CPU.ActiveCfg = Debug|Any CPU
		{7A6FF0D6-F967-29D9-48A9-13E06A362B18}.Debug|Any CPU.Build.0 = Debug|Any CPU
		{7A6FF0D6-F967-29D9-48A9-13E06A362B18}.Release|Any CPU.ActiveCfg = Release|Any CPU
		{7A6FF0D6-F967-29D9-48A9-13E06A362B18}.Release|Any CPU.Build.0 = Release|Any CPU
		{85F177A4-A436-5167-69EE-3C60680FC6C2}.Debug|Any CPU.ActiveCfg = Debug|Any CPU
		{85F177A4-A436-5167-69EE-3C60680FC6C2}.Debug|Any CPU.Build.0 = Debug|Any CPU
		{85F177A4-A436-5167-69EE-3C60680FC6C2}.Release|Any CPU.ActiveCfg = Release|Any CPU
		{85F177A4-A436-5167-69EE-3C60680FC6C2}.Release|Any CPU.Build.0 = Release|Any CPU
		{522302C3-62BE-891A-D222-7B89F93C740E}.Debug|Any CPU.ActiveCfg = Debug|Any CPU
		{522302C3-62BE-891A-D222-7B89F93C740E}.Debug|Any CPU.Build.0 = Debug|Any CPU
		{522302C3-62BE-891A-D222-7B89F93C740E}.Release|Any CPU.ActiveCfg = Release|Any CPU
		{522302C3-62BE-891A-D222-7B89F93C740E}.Release|Any CPU.Build.0 = Release|Any CPU
		{9D63A7D6-147F-3158-4A4A-96ABBBDEAA9E}.Debug|Any CPU.ActiveCfg = Debug|Any CPU
		{9D63A7D6-147F-3158-4A4A-96ABBBDEAA9E}.Debug|Any CPU.Build.0 = Debug|Any CPU
		{9D63A7D6-147F-3158-4A4A-96ABBBDEAA9E}.Release|Any CPU.ActiveCfg = Release|Any CPU
		{9D63A7D6-147F-3158-4A4A-96ABBBDEAA9E}.Release|Any CPU.Build.0 = Release|Any CPU
		{DC3A18FE-B503-7099-E740-89A7691F0DBC}.Debug|Any CPU.ActiveCfg = Debug|Any CPU
		{DC3A18FE-B503-7099-E740-89A7691F0DBC}.Debug|Any CPU.Build.0 = Debug|Any CPU
		{DC3A18FE-B503-7099-E740-89A7691F0DBC}.Release|Any CPU.ActiveCfg = Release|Any CPU
		{DC3A18FE-B503-7099-E740-89A7691F0DBC}.Release|Any CPU.Build.0 = Release|Any CPU
		{AF47136C-DA29-641C-9E06-5C40348BDE91}.Debug|Any CPU.ActiveCfg = Debug|Any CPU
		{AF47136C-DA29-641C-9E06-5C40348BDE91}.Debug|Any CPU.Build.0 = Debug|Any CPU
		{AF47136C-DA29-641C-9E06-5C40348BDE91}.Release|Any CPU.ActiveCfg = Release|Any CPU
		{AF47136C-DA29-641C-9E06-5C40348BDE91}.Release|Any CPU.Build.0 = Release|Any CPU
		{8F2C77DE-3649-047C-1934-A545FE134AC0}.Debug|Any CPU.ActiveCfg = Debug|Any CPU
		{8F2C77DE-3649-047C-1934-A545FE134AC0}.Debug|Any CPU.Build.0 = Debug|Any CPU
		{8F2C77DE-3649-047C-1934-A545FE134AC0}.Release|Any CPU.ActiveCfg = Release|Any CPU
		{8F2C77DE-3649-047C-1934-A545FE134AC0}.Release|Any CPU.Build.0 = Release|Any CPU
		{2D3C06FC-095E-A7F4-6942-237FCBB1E4A9}.Debug|Any CPU.ActiveCfg = Debug|Any CPU
		{2D3C06FC-095E-A7F4-6942-237FCBB1E4A9}.Debug|Any CPU.Build.0 = Debug|Any CPU
		{2D3C06FC-095E-A7F4-6942-237FCBB1E4A9}.Release|Any CPU.ActiveCfg = Release|Any CPU
		{2D3C06FC-095E-A7F4-6942-237FCBB1E4A9}.Release|Any CPU.Build.0 = Release|Any CPU
		{A46D5770-6087-1DB0-6CD5-9AD724888239}.Debug|Any CPU.ActiveCfg = Debug|Any CPU
		{A46D5770-6087-1DB0-6CD5-9AD724888239}.Debug|Any CPU.Build.0 = Debug|Any CPU
		{A46D5770-6087-1DB0-6CD5-9AD724888239}.Release|Any CPU.ActiveCfg = Release|Any CPU
		{A46D5770-6087-1DB0-6CD5-9AD724888239}.Release|Any CPU.Build.0 = Release|Any CPU
		{4EB3DC42-67FE-A4A6-BC61-E1620574F8ED}.Debug|Any CPU.ActiveCfg = Debug|Any CPU
		{4EB3DC42-67FE-A4A6-BC61-E1620574F8ED}.Debug|Any CPU.Build.0 = Debug|Any CPU
		{4EB3DC42-67FE-A4A6-BC61-E1620574F8ED}.Release|Any CPU.ActiveCfg = Release|Any CPU
		{4EB3DC42-67FE-A4A6-BC61-E1620574F8ED}.Release|Any CPU.Build.0 = Release|Any CPU
		{4A4D9592-57F7-E54E-3DF8-43C5D5E7BA28}.Debug|Any CPU.ActiveCfg = Debug|Any CPU
		{4A4D9592-57F7-E54E-3DF8-43C5D5E7BA28}.Debug|Any CPU.Build.0 = Debug|Any CPU
		{4A4D9592-57F7-E54E-3DF8-43C5D5E7BA28}.Release|Any CPU.ActiveCfg = Release|Any CPU
		{4A4D9592-57F7-E54E-3DF8-43C5D5E7BA28}.Release|Any CPU.Build.0 = Release|Any CPU
		{05FB44B7-3879-5FA6-1022-38AD2C59196D}.Debug|Any CPU.ActiveCfg = Debug|Any CPU
		{05FB44B7-3879-5FA6-1022-38AD2C59196D}.Debug|Any CPU.Build.0 = Debug|Any CPU
		{05FB44B7-3879-5FA6-1022-38AD2C59196D}.Release|Any CPU.ActiveCfg = Release|Any CPU
		{05FB44B7-3879-5FA6-1022-38AD2C59196D}.Release|Any CPU.Build.0 = Release|Any CPU
		{6A82FBA0-EA10-15C6-7C8B-B92A889FB9B1}.Debug|Any CPU.ActiveCfg = Debug|Any CPU
		{6A82FBA0-EA10-15C6-7C8B-B92A889FB9B1}.Debug|Any CPU.Build.0 = Debug|Any CPU
		{6A82FBA0-EA10-15C6-7C8B-B92A889FB9B1}.Release|Any CPU.ActiveCfg = Release|Any CPU
		{6A82FBA0-EA10-15C6-7C8B-B92A889FB9B1}.Release|Any CPU.Build.0 = Release|Any CPU
		{A2DAFC42-DE6C-D5D4-540E-1A1B5D23E631}.Debug|Any CPU.ActiveCfg = Debug|Any CPU
		{A2DAFC42-DE6C-D5D4-540E-1A1B5D23E631}.Debug|Any CPU.Build.0 = Debug|Any CPU
		{A2DAFC42-DE6C-D5D4-540E-1A1B5D23E631}.Release|Any CPU.ActiveCfg = Release|Any CPU
		{A2DAFC42-DE6C-D5D4-540E-1A1B5D23E631}.Release|Any CPU.Build.0 = Release|Any CPU
		{3D9DE40A-1F18-3F11-6BDB-28A9A524CE66}.Debug|Any CPU.ActiveCfg = Debug|Any CPU
		{3D9DE40A-1F18-3F11-6BDB-28A9A524CE66}.Debug|Any CPU.Build.0 = Debug|Any CPU
		{3D9DE40A-1F18-3F11-6BDB-28A9A524CE66}.Release|Any CPU.ActiveCfg = Release|Any CPU
		{3D9DE40A-1F18-3F11-6BDB-28A9A524CE66}.Release|Any CPU.Build.0 = Release|Any CPU
		{E8DF925A-10B9-3645-2F9F-7B2838C8D426}.Debug|Any CPU.ActiveCfg = Debug|Any CPU
		{E8DF925A-10B9-3645-2F9F-7B2838C8D426}.Debug|Any CPU.Build.0 = Debug|Any CPU
		{E8DF925A-10B9-3645-2F9F-7B2838C8D426}.Release|Any CPU.ActiveCfg = Release|Any CPU
		{E8DF925A-10B9-3645-2F9F-7B2838C8D426}.Release|Any CPU.Build.0 = Release|Any CPU
		{11B6C55D-2F6D-FD6F-5031-F844DF7F7C2C}.Debug|Any CPU.ActiveCfg = Debug|Any CPU
		{11B6C55D-2F6D-FD6F-5031-F844DF7F7C2C}.Debug|Any CPU.Build.0 = Debug|Any CPU
		{11B6C55D-2F6D-FD6F-5031-F844DF7F7C2C}.Release|Any CPU.ActiveCfg = Release|Any CPU
		{11B6C55D-2F6D-FD6F-5031-F844DF7F7C2C}.Release|Any CPU.Build.0 = Release|Any CPU
		{841C4FDD-0407-90A6-FD33-69C1320F01F7}.Debug|Any CPU.ActiveCfg = Debug|Any CPU
		{841C4FDD-0407-90A6-FD33-69C1320F01F7}.Debug|Any CPU.Build.0 = Debug|Any CPU
		{841C4FDD-0407-90A6-FD33-69C1320F01F7}.Release|Any CPU.ActiveCfg = Release|Any CPU
		{841C4FDD-0407-90A6-FD33-69C1320F01F7}.Release|Any CPU.Build.0 = Release|Any CPU
		{5A474FD7-B90B-21E1-2F10-12DA8E7A7160}.Debug|Any CPU.ActiveCfg = Debug|Any CPU
		{5A474FD7-B90B-21E1-2F10-12DA8E7A7160}.Debug|Any CPU.Build.0 = Debug|Any CPU
		{5A474FD7-B90B-21E1-2F10-12DA8E7A7160}.Release|Any CPU.ActiveCfg = Release|Any CPU
		{5A474FD7-B90B-21E1-2F10-12DA8E7A7160}.Release|Any CPU.Build.0 = Release|Any CPU
		{4DDE4837-1884-9150-20E2-015F25AD8BC2}.Debug|Any CPU.ActiveCfg = Debug|Any CPU
		{4DDE4837-1884-9150-20E2-015F25AD8BC2}.Debug|Any CPU.Build.0 = Debug|Any CPU
		{4DDE4837-1884-9150-20E2-015F25AD8BC2}.Release|Any CPU.ActiveCfg = Release|Any CPU
		{4DDE4837-1884-9150-20E2-015F25AD8BC2}.Release|Any CPU.Build.0 = Release|Any CPU
		{4997C34F-D05E-D0DA-BEC6-3C612F4776F6}.Debug|Any CPU.ActiveCfg = Debug|Any CPU
		{4997C34F-D05E-D0DA-BEC6-3C612F4776F6}.Debug|Any CPU.Build.0 = Debug|Any CPU
		{4997C34F-D05E-D0DA-BEC6-3C612F4776F6}.Release|Any CPU.ActiveCfg = Release|Any CPU
		{4997C34F-D05E-D0DA-BEC6-3C612F4776F6}.Release|Any CPU.Build.0 = Release|Any CPU
		{160DEFC1-F29B-A952-2E4B-BB21BB0EFD8F}.Debug|Any CPU.ActiveCfg = Debug|Any CPU
		{160DEFC1-F29B-A952-2E4B-BB21BB0EFD8F}.Debug|Any CPU.Build.0 = Debug|Any CPU
		{160DEFC1-F29B-A952-2E4B-BB21BB0EFD8F}.Release|Any CPU.ActiveCfg = Release|Any CPU
		{160DEFC1-F29B-A952-2E4B-BB21BB0EFD8F}.Release|Any CPU.Build.0 = Release|Any CPU
		{E268F9BD-8A63-5A96-5260-A1BD9BB7D0F0}.Debug|Any CPU.ActiveCfg = Debug|Any CPU
		{E268F9BD-8A63-5A96-5260-A1BD9BB7D0F0}.Debug|Any CPU.Build.0 = Debug|Any CPU
		{E268F9BD-8A63-5A96-5260-A1BD9BB7D0F0}.Release|Any CPU.ActiveCfg = Release|Any CPU
		{E268F9BD-8A63-5A96-5260-A1BD9BB7D0F0}.Release|Any CPU.Build.0 = Release|Any CPU
		{57481F07-C9DF-2FE7-7ED1-02DD46A2E339}.Debug|Any CPU.ActiveCfg = Debug|Any CPU
		{57481F07-C9DF-2FE7-7ED1-02DD46A2E339}.Debug|Any CPU.Build.0 = Debug|Any CPU
		{57481F07-C9DF-2FE7-7ED1-02DD46A2E339}.Release|Any CPU.ActiveCfg = Release|Any CPU
		{57481F07-C9DF-2FE7-7ED1-02DD46A2E339}.Release|Any CPU.Build.0 = Release|Any CPU
		{1AB71252-1DAD-E303-39A8-8EE88AA72EF8}.Debug|Any CPU.ActiveCfg = Debug|Any CPU
		{1AB71252-1DAD-E303-39A8-8EE88AA72EF8}.Debug|Any CPU.Build.0 = Debug|Any CPU
		{1AB71252-1DAD-E303-39A8-8EE88AA72EF8}.Release|Any CPU.ActiveCfg = Release|Any CPU
		{1AB71252-1DAD-E303-39A8-8EE88AA72EF8}.Release|Any CPU.Build.0 = Release|Any CPU
		{05BFC795-6005-B2C1-12CE-D7B6C514B9D1}.Debug|Any CPU.ActiveCfg = Debug|Any CPU
		{05BFC795-6005-B2C1-12CE-D7B6C514B9D1}.Debug|Any CPU.Build.0 = Debug|Any CPU
		{05BFC795-6005-B2C1-12CE-D7B6C514B9D1}.Release|Any CPU.ActiveCfg = Release|Any CPU
		{05BFC795-6005-B2C1-12CE-D7B6C514B9D1}.Release|Any CPU.Build.0 = Release|Any CPU
		{FB218B21-03DC-AA8C-930B-6AF145A5AD98}.Debug|Any CPU.ActiveCfg = Debug|Any CPU
		{FB218B21-03DC-AA8C-930B-6AF145A5AD98}.Debug|Any CPU.Build.0 = Debug|Any CPU
		{FB218B21-03DC-AA8C-930B-6AF145A5AD98}.Release|Any CPU.ActiveCfg = Release|Any CPU
		{FB218B21-03DC-AA8C-930B-6AF145A5AD98}.Release|Any CPU.Build.0 = Release|Any CPU
		{3BBB6A23-4230-0059-52E2-1AADEF23F9B2}.Debug|Any CPU.ActiveCfg = Debug|Any CPU
		{3BBB6A23-4230-0059-52E2-1AADEF23F9B2}.Debug|Any CPU.Build.0 = Debug|Any CPU
		{3BBB6A23-4230-0059-52E2-1AADEF23F9B2}.Release|Any CPU.ActiveCfg = Release|Any CPU
		{3BBB6A23-4230-0059-52E2-1AADEF23F9B2}.Release|Any CPU.Build.0 = Release|Any CPU
		{682F572B-76C4-FD9D-5B78-B4163481B837}.Debug|Any CPU.ActiveCfg = Debug|Any CPU
		{682F572B-76C4-FD9D-5B78-B4163481B837}.Debug|Any CPU.Build.0 = Debug|Any CPU
		{682F572B-76C4-FD9D-5B78-B4163481B837}.Release|Any CPU.ActiveCfg = Release|Any CPU
		{682F572B-76C4-FD9D-5B78-B4163481B837}.Release|Any CPU.Build.0 = Release|Any CPU
		{2B631611-1BFF-098A-C8EF-2BD0A79AF370}.Debug|Any CPU.ActiveCfg = Debug|Any CPU
		{2B631611-1BFF-098A-C8EF-2BD0A79AF370}.Debug|Any CPU.Build.0 = Debug|Any CPU
		{2B631611-1BFF-098A-C8EF-2BD0A79AF370}.Release|Any CPU.ActiveCfg = Release|Any CPU
		{2B631611-1BFF-098A-C8EF-2BD0A79AF370}.Release|Any CPU.Build.0 = Release|Any CPU
		{F3F5E543-F671-67AF-DC92-F857D5CE6218}.Debug|Any CPU.ActiveCfg = Debug|Any CPU
		{F3F5E543-F671-67AF-DC92-F857D5CE6218}.Debug|Any CPU.Build.0 = Debug|Any CPU
		{F3F5E543-F671-67AF-DC92-F857D5CE6218}.Release|Any CPU.ActiveCfg = Release|Any CPU
		{F3F5E543-F671-67AF-DC92-F857D5CE6218}.Release|Any CPU.Build.0 = Release|Any CPU
		{0C1F2890-D10D-054B-0390-52A732D42CD1}.Debug|Any CPU.ActiveCfg = Debug|Any CPU
		{0C1F2890-D10D-054B-0390-52A732D42CD1}.Debug|Any CPU.Build.0 = Debug|Any CPU
		{0C1F2890-D10D-054B-0390-52A732D42CD1}.Release|Any CPU.ActiveCfg = Release|Any CPU
		{0C1F2890-D10D-054B-0390-52A732D42CD1}.Release|Any CPU.Build.0 = Release|Any CPU
		{2D7D86E2-83EC-3EEB-CC5F-E0AAC6AC8B50}.Debug|Any CPU.ActiveCfg = Debug|Any CPU
		{2D7D86E2-83EC-3EEB-CC5F-E0AAC6AC8B50}.Debug|Any CPU.Build.0 = Debug|Any CPU
		{2D7D86E2-83EC-3EEB-CC5F-E0AAC6AC8B50}.Release|Any CPU.ActiveCfg = Release|Any CPU
		{2D7D86E2-83EC-3EEB-CC5F-E0AAC6AC8B50}.Release|Any CPU.Build.0 = Release|Any CPU
		{D73BBFDA-E01C-0AD2-A092-0829DCA1E3CB}.Debug|Any CPU.ActiveCfg = Debug|Any CPU
		{D73BBFDA-E01C-0AD2-A092-0829DCA1E3CB}.Debug|Any CPU.Build.0 = Debug|Any CPU
		{D73BBFDA-E01C-0AD2-A092-0829DCA1E3CB}.Release|Any CPU.ActiveCfg = Release|Any CPU
		{D73BBFDA-E01C-0AD2-A092-0829DCA1E3CB}.Release|Any CPU.Build.0 = Release|Any CPU
		{1EB644C6-1319-7C36-3E33-8ABBD807CB8D}.Debug|Any CPU.ActiveCfg = Debug|Any CPU
		{1EB644C6-1319-7C36-3E33-8ABBD807CB8D}.Debug|Any CPU.Build.0 = Debug|Any CPU
		{1EB644C6-1319-7C36-3E33-8ABBD807CB8D}.Release|Any CPU.ActiveCfg = Release|Any CPU
		{1EB644C6-1319-7C36-3E33-8ABBD807CB8D}.Release|Any CPU.Build.0 = Release|Any CPU
	EndGlobalSection
	GlobalSection(SolutionProperties) = preSolution
		HideSolutionNode = FALSE
	EndGlobalSection
EndGlobal
