
Microsoft Visual Studio Solution File, Format Version 12.00
# Visual Studio 15
Project("{FAE04EC0-301F-11D3-BF4B-00C04F79EFBC}") = "Oculus.Platform", "Oculus.Platform.csproj", "{64610DD5-EB28-CA18-A73B-D10E035CB1F5}"
EndProject
Project("{FAE04EC0-301F-11D3-BF4B-00C04F79EFBC}") = "Assembly-CSharp", "Assembly-CSharp.csproj", "{A805ACDF-AC80-217D-6640-607F4689621C}"
EndProject
Project("{FAE04EC0-301F-11D3-BF4B-00C04F79EFBC}") = "Meta.WitAi", "Meta.WitAi.csproj", "{EA975746-3AC5-AB1D-AE4E-0C2C91DC1EA1}"
EndProject
Project("{FAE04EC0-301F-11D3-BF4B-00C04F79EFBC}") = "Oculus.Spatializer", "Oculus.Spatializer.csproj", "{3264B03B-4370-3345-719A-796D7AE80363}"
EndProject
Project("{FAE04EC0-301F-11D3-BF4B-00C04F79EFBC}") = "Oculus.Interaction", "Oculus.Interaction.csproj", "{2AF19C10-A5E5-90FD-36A8-0F730C2048F2}"
EndProject
Project("{FAE04EC0-301F-11D3-BF4B-00C04F79EFBC}") = "Oculus.Interaction.OVR.Samples", "Oculus.Interaction.OVR.Samples.csproj", "{F10B97CB-1D91-1E6F-783F-6877707C24B5}"
EndProject
Project("{FAE04EC0-301F-11D3-BF4B-00C04F79EFBC}") = "Oculus.VR", "Oculus.VR.csproj", "{8FCACD7A-CA3C-3887-1794-1F402A121989}"
EndProject
Project("{FAE04EC0-301F-11D3-BF4B-00C04F79EFBC}") = "VoiceSDK.Dictation.Runtime", "VoiceSDK.Dictation.Runtime.csproj", "{5D4FD015-C60B-424A-0E40-B32E17822FEB}"
EndProject
Project("{FAE04EC0-301F-11D3-BF4B-00C04F79EFBC}") = "Meta.WitAi.TTS", "Meta.WitAi.TTS.csproj", "{F9B5EDA5-5611-3059-B6CE-22897E2E415D}"
EndProject
Project("{FAE04EC0-301F-11D3-BF4B-00C04F79EFBC}") = "ReadyPlayerMe", "ReadyPlayerMe.csproj", "{6AF2C750-37A0-5EE4-3DB7-F328C567B63D}"
EndProject
Project("{FAE04EC0-301F-11D3-BF4B-00C04F79EFBC}") = "Meta.WitAi.Lib", "Meta.WitAi.Lib.csproj", "{ADBF0231-9601-9B11-220B-E045FB9A68BA}"
EndProject
Project("{FAE04EC0-301F-11D3-BF4B-00C04F79EFBC}") = "Siccity.GLTFUtility", "Siccity.GLTFUtility.csproj", "{02D0E87B-620D-0716-316A-15E7132682AE}"
EndProject
Project("{FAE04EC0-301F-11D3-BF4B-00C04F79EFBC}") = "Oculus.AudioManager", "Oculus.AudioManager.csproj", "{83A1BA22-2AC5-5CE2-1050-9E57157AA393}"
EndProject
Project("{FAE04EC0-301F-11D3-BF4B-00C04F79EFBC}") = "Meta.WitAi.TTS.Samples", "Meta.WitAi.TTS.Samples.csproj", "{86646BFC-8ED0-55E9-AB7A-A57730B29E43}"
EndProject
Project("{FAE04EC0-301F-11D3-BF4B-00C04F79EFBC}") = "VoiceSDK.Runtime", "VoiceSDK.Runtime.csproj", "{D88CB2A0-6236-BF4B-AC5F-A6BF820626E1}"
EndProject
Project("{FAE04EC0-301F-11D3-BF4B-00C04F79EFBC}") = "Facebook.Wit.Dictation", "Facebook.Wit.Dictation.csproj", "{84E45CC3-C37C-CE86-E2DB-32C3902BB5DE}"
EndProject
Project("{FAE04EC0-301F-11D3-BF4B-00C04F79EFBC}") = "Oculus.Voice.Demo", "Oculus.Voice.Demo.csproj", "{4756E8C5-57B9-4A47-A209-04937CDCAFA6}"
EndProject
Project("{FAE04EC0-301F-11D3-BF4B-00C04F79EFBC}") = "Oculus.Interaction.OVR", "Oculus.Interaction.OVR.csproj", "{1E31F55E-5477-DCD8-627B-006615793934}"
EndProject
Project("{FAE04EC0-301F-11D3-BF4B-00C04F79EFBC}") = "AssistantCoreSDKRuntime", "AssistantCoreSDKRuntime.csproj", "{B9662871-6D74-9FB1-28A8-BA4EB6CC59DA}"
EndProject
Project("{FAE04EC0-301F-11D3-BF4B-00C04F79EFBC}") = "Meta.WitAi.Conduit", "Meta.WitAi.Conduit.csproj", "{F8E52B8C-A574-0EF2-DEE2-81AEA5B33FD4}"
EndProject
Project("{FAE04EC0-301F-11D3-BF4B-00C04F79EFBC}") = "Oculus.LipSync", "Oculus.LipSync.csproj", "{B6A8FA9A-B063-352E-561D-8EAC6996501B}"
EndProject
Project("{FAE04EC0-301F-11D3-BF4B-00C04F79EFBC}") = "WebView", "WebView.csproj", "{9C66CCCF-B513-3021-079A-0782A8A311F5}"
EndProject
Project("{FAE04EC0-301F-11D3-BF4B-00C04F79EFBC}") = "Meta.VoiceSDK.Mic.Other", "Meta.VoiceSDK.Mic.Other.csproj", "{B8AEEB95-DE26-34A1-B9E4-5975AEACFDAB}"
EndProject
Project("{FAE04EC0-301F-11D3-BF4B-00C04F79EFBC}") = "Meta.VoiceSDK.Mic.Common", "Meta.VoiceSDK.Mic.Common.csproj", "{310ABAA3-66B7-7973-C939-71C99125912D}"
EndProject
Project("{FAE04EC0-301F-11D3-BF4B-00C04F79EFBC}") = "Meta.VoiceSDK.Mic.WebGL", "Meta.VoiceSDK.Mic.WebGL.csproj", "{F771F762-A4CD-5342-E024-00815024E58D}"
EndProject
Project("{FAE04EC0-301F-11D3-BF4B-00C04F79EFBC}") = "Meta.WitAi.Editor", "Meta.WitAi.Editor.csproj", "{E73487D4-FE17-CAA1-61EB-250B2C9F6690}"
EndProject
Project("{FAE04EC0-301F-11D3-BF4B-00C04F79EFBC}") = "Meta.WitAi.Conduit.Editor", "Meta.WitAi.Conduit.Editor.csproj", "{13694DA9-2E6E-3A78-1508-0524A291A6CD}"
EndProject
Project("{FAE04EC0-301F-11D3-BF4B-00C04F79EFBC}") = "Oculus.Interaction.Editor", "Oculus.Interaction.Editor.csproj", "{03EAE608-866C-CB5F-FDE0-67AFBD270B37}"
EndProject
Project("{FAE04EC0-301F-11D3-BF4B-00C04F79EFBC}") = "Meta.WitAI.Lib.Editor", "Meta.WitAI.Lib.Editor.csproj", "{F70351BB-0654-1443-16AC-767EB0B11FDF}"
EndProject
Project("{FAE04EC0-301F-11D3-BF4B-00C04F79EFBC}") = "ReadyPlayerMe.Editor", "ReadyPlayerMe.Editor.csproj", "{361901C3-D6A6-EE85-45B0-562C87585E07}"
EndProject
Project("{FAE04EC0-301F-11D3-BF4B-00C04F79EFBC}") = "Oculus.VR.Editor", "Oculus.VR.Editor.csproj", "{EFD3B741-4142-D3BF-7E5C-048A0606BF8E}"
EndProject
Project("{FAE04EC0-301F-11D3-BF4B-00C04F79EFBC}") = "Siccity.GLTFUtility.Editor", "Siccity.GLTFUtility.Editor.csproj", "{686011A0-0942-43DD-A51B-6237594B9D8F}"
EndProject
Project("{FAE04EC0-301F-11D3-BF4B-00C04F79EFBC}") = "Oculus.Interaction.OVR.Editor", "Oculus.Interaction.OVR.Editor.csproj", "{7F68EBAB-5731-AC5C-56C5-E4B43E76FE09}"
EndProject
Project("{FAE04EC0-301F-11D3-BF4B-00C04F79EFBC}") = "Assembly-CSharp-Editor", "Assembly-CSharp-Editor.csproj", "{B123E4B0-BA0D-D844-0739-F7A406574597}"
EndProject
Project("{FAE04EC0-301F-11D3-BF4B-00C04F79EFBC}") = "Oculus.Interaction.Samples.Editor", "Oculus.Interaction.Samples.Editor.csproj", "{72E7A948-18CA-C094-B8E0-E707467CE981}"
EndProject
Project("{FAE04EC0-301F-11D3-BF4B-00C04F79EFBC}") = "Oculus.VR.Scripts.Editor", "Oculus.VR.Scripts.Editor.csproj", "{8E9C29F4-6CEE-F94B-D3A1-9FA19B7F2FD0}"
EndProject
Project("{FAE04EC0-301F-11D3-BF4B-00C04F79EFBC}") = "VoiceSDK.Editor", "VoiceSDK.Editor.csproj", "{97F3E6BC-8152-A08F-383A-C58ED5987B11}"
EndProject
Project("{FAE04EC0-301F-11D3-BF4B-00C04F79EFBC}") = "Oculus.Spatializer.Editor", "Oculus.Spatializer.Editor.csproj", "{76F71A33-9283-FD87-80FC-CF058BC92E1B}"
EndProject
Project("{FAE04EC0-301F-11D3-BF4B-00C04F79EFBC}") = "Meta.WitAi.TTS.Editor", "Meta.WitAi.TTS.Editor.csproj", "{5E24F9A4-A3C9-CCBD-07B9-BE54B80F6666}"
EndProject
Project("{FAE04EC0-301F-11D3-BF4B-00C04F79EFBC}") = "Facebook.Wit.Dictation.Editor", "Facebook.Wit.Dictation.Editor.csproj", "{677EE7EB-F252-4402-706C-B3C3B0CB7870}"
EndProject
Project("{FAE04EC0-301F-11D3-BF4B-00C04F79EFBC}") = "VoiceSDK.Dictation.Editor", "VoiceSDK.Dictation.Editor.csproj", "{3DA8CBBF-60C3-1EE4-2F4C-B0BAC81B8596}"
EndProject
Project("{FAE04EC0-301F-11D3-BF4B-00C04F79EFBC}") = "Oculus.Platform.Editor", "Oculus.Platform.Editor.csproj", "{A9C2E858-00F9-D3FF-414D-F4A29C97DD56}"
EndProject
Project("{FAE04EC0-301F-11D3-BF4B-00C04F79EFBC}") = "Oculus.AudioManager.Audio.Editor", "Oculus.AudioManager.Audio.Editor.csproj", "{597FE6AE-BD2B-B6B3-6C2A-A4649C2C3D16}"
EndProject
Project("{FAE04EC0-301F-11D3-BF4B-00C04F79EFBC}") = "Oculus.Interaction.InterfaceSupport", "Oculus.Interaction.InterfaceSupport.csproj", "{BC6D0268-7A99-75F4-D6D0-264B662C1692}"
EndProject
Project("{FAE04EC0-301F-11D3-BF4B-00C04F79EFBC}") = "Oculus.LipSync.Editor", "Oculus.LipSync.Editor.csproj", "{1B8FE01A-7D61-E1BC-3E4A-9202756198E1}"
EndProject
Project("{FAE04EC0-301F-11D3-BF4B-00C04F79EFBC}") = "ReadyPlayerMe.Extras.Editor", "ReadyPlayerMe.Extras.Editor.csproj", "{8E140884-A5D7-F19F-ADDE-C7B2E4196AA7}"
EndProject
Project("{FAE04EC0-301F-11D3-BF4B-00C04F79EFBC}") = "AssistantCoreSDKEditor", "AssistantCoreSDKEditor.csproj", "{0E399211-9AA4-681D-EFC5-101D860BBAF1}"
EndProject
Project("{FAE04EC0-301F-11D3-BF4B-00C04F79EFBC}") = "Oculus.AudioManager.Utils.Editor", "Oculus.AudioManager.Utils.Editor.csproj", "{826DC154-5D4C-45AA-D380-3F968E252F81}"
EndProject
Global
	GlobalSection(SolutionConfigurationPlatforms) = preSolution
		Debug|Any CPU = Debug|Any CPU
		Release|Any CPU = Release|Any CPU
	EndGlobalSection
	GlobalSection(ProjectConfigurationPlatforms) = postSolution
		{64610DD5-EB28-CA18-A73B-D10E035CB1F5}.Debug|Any CPU.ActiveCfg = Debug|Any CPU
		{64610DD5-EB28-CA18-A73B-D10E035CB1F5}.Debug|Any CPU.Build.0 = Debug|Any CPU
		{64610DD5-EB28-CA18-A73B-D10E035CB1F5}.Release|Any CPU.ActiveCfg = Release|Any CPU
		{64610DD5-EB28-CA18-A73B-D10E035CB1F5}.Release|Any CPU.Build.0 = Release|Any CPU
		{A805ACDF-AC80-217D-6640-607F4689621C}.Debug|Any CPU.ActiveCfg = Debug|Any CPU
		{A805ACDF-AC80-217D-6640-607F4689621C}.Debug|Any CPU.Build.0 = Debug|Any CPU
		{A805ACDF-AC80-217D-6640-607F4689621C}.Release|Any CPU.ActiveCfg = Release|Any CPU
		{A805ACDF-AC80-217D-6640-607F4689621C}.Release|Any CPU.Build.0 = Release|Any CPU
		{EA975746-3AC5-AB1D-AE4E-0C2C91DC1EA1}.Debug|Any CPU.ActiveCfg = Debug|Any CPU
		{EA975746-3AC5-AB1D-AE4E-0C2C91DC1EA1}.Debug|Any CPU.Build.0 = Debug|Any CPU
		{EA975746-3AC5-AB1D-AE4E-0C2C91DC1EA1}.Release|Any CPU.ActiveCfg = Release|Any CPU
		{EA975746-3AC5-AB1D-AE4E-0C2C91DC1EA1}.Release|Any CPU.Build.0 = Release|Any CPU
		{3264B03B-4370-3345-719A-796D7AE80363}.Debug|Any CPU.ActiveCfg = Debug|Any CPU
		{3264B03B-4370-3345-719A-796D7AE80363}.Debug|Any CPU.Build.0 = Debug|Any CPU
		{3264B03B-4370-3345-719A-796D7AE80363}.Release|Any CPU.ActiveCfg = Release|Any CPU
		{3264B03B-4370-3345-719A-796D7AE80363}.Release|Any CPU.Build.0 = Release|Any CPU
		{2AF19C10-A5E5-90FD-36A8-0F730C2048F2}.Debug|Any CPU.ActiveCfg = Debug|Any CPU
		{2AF19C10-A5E5-90FD-36A8-0F730C2048F2}.Debug|Any CPU.Build.0 = Debug|Any CPU
		{2AF19C10-A5E5-90FD-36A8-0F730C2048F2}.Release|Any CPU.ActiveCfg = Release|Any CPU
		{2AF19C10-A5E5-90FD-36A8-0F730C2048F2}.Release|Any CPU.Build.0 = Release|Any CPU
		{F10B97CB-1D91-1E6F-783F-6877707C24B5}.Debug|Any CPU.ActiveCfg = Debug|Any CPU
		{F10B97CB-1D91-1E6F-783F-6877707C24B5}.Debug|Any CPU.Build.0 = Debug|Any CPU
		{F10B97CB-1D91-1E6F-783F-6877707C24B5}.Release|Any CPU.ActiveCfg = Release|Any CPU
		{F10B97CB-1D91-1E6F-783F-6877707C24B5}.Release|Any CPU.Build.0 = Release|Any CPU
		{8FCACD7A-CA3C-3887-1794-1F402A121989}.Debug|Any CPU.ActiveCfg = Debug|Any CPU
		{8FCACD7A-CA3C-3887-1794-1F402A121989}.Debug|Any CPU.Build.0 = Debug|Any CPU
		{8FCACD7A-CA3C-3887-1794-1F402A121989}.Release|Any CPU.ActiveCfg = Release|Any CPU
		{8FCACD7A-CA3C-3887-1794-1F402A121989}.Release|Any CPU.Build.0 = Release|Any CPU
		{5D4FD015-C60B-424A-0E40-B32E17822FEB}.Debug|Any CPU.ActiveCfg = Debug|Any CPU
		{5D4FD015-C60B-424A-0E40-B32E17822FEB}.Debug|Any CPU.Build.0 = Debug|Any CPU
		{5D4FD015-C60B-424A-0E40-B32E17822FEB}.Release|Any CPU.ActiveCfg = Release|Any CPU
		{5D4FD015-C60B-424A-0E40-B32E17822FEB}.Release|Any CPU.Build.0 = Release|Any CPU
		{F9B5EDA5-5611-3059-B6CE-22897E2E415D}.Debug|Any CPU.ActiveCfg = Debug|Any CPU
		{F9B5EDA5-5611-3059-B6CE-22897E2E415D}.Debug|Any CPU.Build.0 = Debug|Any CPU
		{F9B5EDA5-5611-3059-B6CE-22897E2E415D}.Release|Any CPU.ActiveCfg = Release|Any CPU
		{F9B5EDA5-5611-3059-B6CE-22897E2E415D}.Release|Any CPU.Build.0 = Release|Any CPU
		{6AF2C750-37A0-5EE4-3DB7-F328C567B63D}.Debug|Any CPU.ActiveCfg = Debug|Any CPU
		{6AF2C750-37A0-5EE4-3DB7-F328C567B63D}.Debug|Any CPU.Build.0 = Debug|Any CPU
		{6AF2C750-37A0-5EE4-3DB7-F328C567B63D}.Release|Any CPU.ActiveCfg = Release|Any CPU
		{6AF2C750-37A0-5EE4-3DB7-F328C567B63D}.Release|Any CPU.Build.0 = Release|Any CPU
		{ADBF0231-9601-9B11-220B-E045FB9A68BA}.Debug|Any CPU.ActiveCfg = Debug|Any CPU
		{ADBF0231-9601-9B11-220B-E045FB9A68BA}.Debug|Any CPU.Build.0 = Debug|Any CPU
		{ADBF0231-9601-9B11-220B-E045FB9A68BA}.Release|Any CPU.ActiveCfg = Release|Any CPU
		{ADBF0231-9601-9B11-220B-E045FB9A68BA}.Release|Any CPU.Build.0 = Release|Any CPU
		{02D0E87B-620D-0716-316A-15E7132682AE}.Debug|Any CPU.ActiveCfg = Debug|Any CPU
		{02D0E87B-620D-0716-316A-15E7132682AE}.Debug|Any CPU.Build.0 = Debug|Any CPU
		{02D0E87B-620D-0716-316A-15E7132682AE}.Release|Any CPU.ActiveCfg = Release|Any CPU
		{02D0E87B-620D-0716-316A-15E7132682AE}.Release|Any CPU.Build.0 = Release|Any CPU
		{83A1BA22-2AC5-5CE2-1050-9E57157AA393}.Debug|Any CPU.ActiveCfg = Debug|Any CPU
		{83A1BA22-2AC5-5CE2-1050-9E57157AA393}.Debug|Any CPU.Build.0 = Debug|Any CPU
		{83A1BA22-2AC5-5CE2-1050-9E57157AA393}.Release|Any CPU.ActiveCfg = Release|Any CPU
		{83A1BA22-2AC5-5CE2-1050-9E57157AA393}.Release|Any CPU.Build.0 = Release|Any CPU
		{86646BFC-8ED0-55E9-AB7A-A57730B29E43}.Debug|Any CPU.ActiveCfg = Debug|Any CPU
		{86646BFC-8ED0-55E9-AB7A-A57730B29E43}.Debug|Any CPU.Build.0 = Debug|Any CPU
		{86646BFC-8ED0-55E9-AB7A-A57730B29E43}.Release|Any CPU.ActiveCfg = Release|Any CPU
		{86646BFC-8ED0-55E9-AB7A-A57730B29E43}.Release|Any CPU.Build.0 = Release|Any CPU
		{D88CB2A0-6236-BF4B-AC5F-A6BF820626E1}.Debug|Any CPU.ActiveCfg = Debug|Any CPU
		{D88CB2A0-6236-BF4B-AC5F-A6BF820626E1}.Debug|Any CPU.Build.0 = Debug|Any CPU
		{D88CB2A0-6236-BF4B-AC5F-A6BF820626E1}.Release|Any CPU.ActiveCfg = Release|Any CPU
		{D88CB2A0-6236-BF4B-AC5F-A6BF820626E1}.Release|Any CPU.Build.0 = Release|Any CPU
		{84E45CC3-C37C-CE86-E2DB-32C3902BB5DE}.Debug|Any CPU.ActiveCfg = Debug|Any CPU
		{84E45CC3-C37C-CE86-E2DB-32C3902BB5DE}.Debug|Any CPU.Build.0 = Debug|Any CPU
		{84E45CC3-C37C-CE86-E2DB-32C3902BB5DE}.Release|Any CPU.ActiveCfg = Release|Any CPU
		{84E45CC3-C37C-CE86-E2DB-32C3902BB5DE}.Release|Any CPU.Build.0 = Release|Any CPU
		{4756E8C5-57B9-4A47-A209-04937CDCAFA6}.Debug|Any CPU.ActiveCfg = Debug|Any CPU
		{4756E8C5-57B9-4A47-A209-04937CDCAFA6}.Debug|Any CPU.Build.0 = Debug|Any CPU
		{4756E8C5-57B9-4A47-A209-04937CDCAFA6}.Release|Any CPU.ActiveCfg = Release|Any CPU
		{4756E8C5-57B9-4A47-A209-04937CDCAFA6}.Release|Any CPU.Build.0 = Release|Any CPU
		{1E31F55E-5477-DCD8-627B-006615793934}.Debug|Any CPU.ActiveCfg = Debug|Any CPU
		{1E31F55E-5477-DCD8-627B-006615793934}.Debug|Any CPU.Build.0 = Debug|Any CPU
		{1E31F55E-5477-DCD8-627B-006615793934}.Release|Any CPU.ActiveCfg = Release|Any CPU
		{1E31F55E-5477-DCD8-627B-006615793934}.Release|Any CPU.Build.0 = Release|Any CPU
		{B9662871-6D74-9FB1-28A8-BA4EB6CC59DA}.Debug|Any CPU.ActiveCfg = Debug|Any CPU
		{B9662871-6D74-9FB1-28A8-BA4EB6CC59DA}.Debug|Any CPU.Build.0 = Debug|Any CPU
		{B9662871-6D74-9FB1-28A8-BA4EB6CC59DA}.Release|Any CPU.ActiveCfg = Release|Any CPU
		{B9662871-6D74-9FB1-28A8-BA4EB6CC59DA}.Release|Any CPU.Build.0 = Release|Any CPU
		{F8E52B8C-A574-0EF2-DEE2-81AEA5B33FD4}.Debug|Any CPU.ActiveCfg = Debug|Any CPU
		{F8E52B8C-A574-0EF2-DEE2-81AEA5B33FD4}.Debug|Any CPU.Build.0 = Debug|Any CPU
		{F8E52B8C-A574-0EF2-DEE2-81AEA5B33FD4}.Release|Any CPU.ActiveCfg = Release|Any CPU
		{F8E52B8C-A574-0EF2-DEE2-81AEA5B33FD4}.Release|Any CPU.Build.0 = Release|Any CPU
		{B6A8FA9A-B063-352E-561D-8EAC6996501B}.Debug|Any CPU.ActiveCfg = Debug|Any CPU
		{B6A8FA9A-B063-352E-561D-8EAC6996501B}.Debug|Any CPU.Build.0 = Debug|Any CPU
		{B6A8FA9A-B063-352E-561D-8EAC6996501B}.Release|Any CPU.ActiveCfg = Release|Any CPU
		{B6A8FA9A-B063-352E-561D-8EAC6996501B}.Release|Any CPU.Build.0 = Release|Any CPU
		{9C66CCCF-B513-3021-079A-0782A8A311F5}.Debug|Any CPU.ActiveCfg = Debug|Any CPU
		{9C66CCCF-B513-3021-079A-0782A8A311F5}.Debug|Any CPU.Build.0 = Debug|Any CPU
		{9C66CCCF-B513-3021-079A-0782A8A311F5}.Release|Any CPU.ActiveCfg = Release|Any CPU
		{9C66CCCF-B513-3021-079A-0782A8A311F5}.Release|Any CPU.Build.0 = Release|Any CPU
		{B8AEEB95-DE26-34A1-B9E4-5975AEACFDAB}.Debug|Any CPU.ActiveCfg = Debug|Any CPU
		{B8AEEB95-DE26-34A1-B9E4-5975AEACFDAB}.Debug|Any CPU.Build.0 = Debug|Any CPU
		{B8AEEB95-DE26-34A1-B9E4-5975AEACFDAB}.Release|Any CPU.ActiveCfg = Release|Any CPU
		{B8AEEB95-DE26-34A1-B9E4-5975AEACFDAB}.Release|Any CPU.Build.0 = Release|Any CPU
		{310ABAA3-66B7-7973-C939-71C99125912D}.Debug|Any CPU.ActiveCfg = Debug|Any CPU
		{310ABAA3-66B7-7973-C939-71C99125912D}.Debug|Any CPU.Build.0 = Debug|Any CPU
		{310ABAA3-66B7-7973-C939-71C99125912D}.Release|Any CPU.ActiveCfg = Release|Any CPU
		{310ABAA3-66B7-7973-C939-71C99125912D}.Release|Any CPU.Build.0 = Release|Any CPU
		{F771F762-A4CD-5342-E024-00815024E58D}.Debug|Any CPU.ActiveCfg = Debug|Any CPU
		{F771F762-A4CD-5342-E024-00815024E58D}.Debug|Any CPU.Build.0 = Debug|Any CPU
		{F771F762-A4CD-5342-E024-00815024E58D}.Release|Any CPU.ActiveCfg = Release|Any CPU
		{F771F762-A4CD-5342-E024-00815024E58D}.Release|Any CPU.Build.0 = Release|Any CPU
		{E73487D4-FE17-CAA1-61EB-250B2C9F6690}.Debug|Any CPU.ActiveCfg = Debug|Any CPU
		{E73487D4-FE17-CAA1-61EB-250B2C9F6690}.Debug|Any CPU.Build.0 = Debug|Any CPU
		{E73487D4-FE17-CAA1-61EB-250B2C9F6690}.Release|Any CPU.ActiveCfg = Release|Any CPU
		{E73487D4-FE17-CAA1-61EB-250B2C9F6690}.Release|Any CPU.Build.0 = Release|Any CPU
		{13694DA9-2E6E-3A78-1508-0524A291A6CD}.Debug|Any CPU.ActiveCfg = Debug|Any CPU
		{13694DA9-2E6E-3A78-1508-0524A291A6CD}.Debug|Any CPU.Build.0 = Debug|Any CPU
		{13694DA9-2E6E-3A78-1508-0524A291A6CD}.Release|Any CPU.ActiveCfg = Release|Any CPU
		{13694DA9-2E6E-3A78-1508-0524A291A6CD}.Release|Any CPU.Build.0 = Release|Any CPU
		{03EAE608-866C-CB5F-FDE0-67AFBD270B37}.Debug|Any CPU.ActiveCfg = Debug|Any CPU
		{03EAE608-866C-CB5F-FDE0-67AFBD270B37}.Debug|Any CPU.Build.0 = Debug|Any CPU
		{03EAE608-866C-CB5F-FDE0-67AFBD270B37}.Release|Any CPU.ActiveCfg = Release|Any CPU
		{03EAE608-866C-CB5F-FDE0-67AFBD270B37}.Release|Any CPU.Build.0 = Release|Any CPU
		{F70351BB-0654-1443-16AC-767EB0B11FDF}.Debug|Any CPU.ActiveCfg = Debug|Any CPU
		{F70351BB-0654-1443-16AC-767EB0B11FDF}.Debug|Any CPU.Build.0 = Debug|Any CPU
		{F70351BB-0654-1443-16AC-767EB0B11FDF}.Release|Any CPU.ActiveCfg = Release|Any CPU
		{F70351BB-0654-1443-16AC-767EB0B11FDF}.Release|Any CPU.Build.0 = Release|Any CPU
		{361901C3-D6A6-EE85-45B0-562C87585E07}.Debug|Any CPU.ActiveCfg = Debug|Any CPU
		{361901C3-D6A6-EE85-45B0-562C87585E07}.Debug|Any CPU.Build.0 = Debug|Any CPU
		{361901C3-D6A6-EE85-45B0-562C87585E07}.Release|Any CPU.ActiveCfg = Release|Any CPU
		{361901C3-D6A6-EE85-45B0-562C87585E07}.Release|Any CPU.Build.0 = Release|Any CPU
		{EFD3B741-4142-D3BF-7E5C-048A0606BF8E}.Debug|Any CPU.ActiveCfg = Debug|Any CPU
		{EFD3B741-4142-D3BF-7E5C-048A0606BF8E}.Debug|Any CPU.Build.0 = Debug|Any CPU
		{EFD3B741-4142-D3BF-7E5C-048A0606BF8E}.Release|Any CPU.ActiveCfg = Release|Any CPU
		{EFD3B741-4142-D3BF-7E5C-048A0606BF8E}.Release|Any CPU.Build.0 = Release|Any CPU
		{686011A0-0942-43DD-A51B-6237594B9D8F}.Debug|Any CPU.ActiveCfg = Debug|Any CPU
		{686011A0-0942-43DD-A51B-6237594B9D8F}.Debug|Any CPU.Build.0 = Debug|Any CPU
		{686011A0-0942-43DD-A51B-6237594B9D8F}.Release|Any CPU.ActiveCfg = Release|Any CPU
		{686011A0-0942-43DD-A51B-6237594B9D8F}.Release|Any CPU.Build.0 = Release|Any CPU
		{7F68EBAB-5731-AC5C-56C5-E4B43E76FE09}.Debug|Any CPU.ActiveCfg = Debug|Any CPU
		{7F68EBAB-5731-AC5C-56C5-E4B43E76FE09}.Debug|Any CPU.Build.0 = Debug|Any CPU
		{7F68EBAB-5731-AC5C-56C5-E4B43E76FE09}.Release|Any CPU.ActiveCfg = Release|Any CPU
		{7F68EBAB-5731-AC5C-56C5-E4B43E76FE09}.Release|Any CPU.Build.0 = Release|Any CPU
		{B123E4B0-BA0D-D844-0739-F7A406574597}.Debug|Any CPU.ActiveCfg = Debug|Any CPU
		{B123E4B0-BA0D-D844-0739-F7A406574597}.Debug|Any CPU.Build.0 = Debug|Any CPU
		{B123E4B0-BA0D-D844-0739-F7A406574597}.Release|Any CPU.ActiveCfg = Release|Any CPU
		{B123E4B0-BA0D-D844-0739-F7A406574597}.Release|Any CPU.Build.0 = Release|Any CPU
		{72E7A948-18CA-C094-B8E0-E707467CE981}.Debug|Any CPU.ActiveCfg = Debug|Any CPU
		{72E7A948-18CA-C094-B8E0-E707467CE981}.Debug|Any CPU.Build.0 = Debug|Any CPU
		{72E7A948-18CA-C094-B8E0-E707467CE981}.Release|Any CPU.ActiveCfg = Release|Any CPU
		{72E7A948-18CA-C094-B8E0-E707467CE981}.Release|Any CPU.Build.0 = Release|Any CPU
		{8E9C29F4-6CEE-F94B-D3A1-9FA19B7F2FD0}.Debug|Any CPU.ActiveCfg = Debug|Any CPU
		{8E9C29F4-6CEE-F94B-D3A1-9FA19B7F2FD0}.Debug|Any CPU.Build.0 = Debug|Any CPU
		{8E9C29F4-6CEE-F94B-D3A1-9FA19B7F2FD0}.Release|Any CPU.ActiveCfg = Release|Any CPU
		{8E9C29F4-6CEE-F94B-D3A1-9FA19B7F2FD0}.Release|Any CPU.Build.0 = Release|Any CPU
		{97F3E6BC-8152-A08F-383A-C58ED5987B11}.Debug|Any CPU.ActiveCfg = Debug|Any CPU
		{97F3E6BC-8152-A08F-383A-C58ED5987B11}.Debug|Any CPU.Build.0 = Debug|Any CPU
		{97F3E6BC-8152-A08F-383A-C58ED5987B11}.Release|Any CPU.ActiveCfg = Release|Any CPU
		{97F3E6BC-8152-A08F-383A-C58ED5987B11}.Release|Any CPU.Build.0 = Release|Any CPU
		{76F71A33-9283-FD87-80FC-CF058BC92E1B}.Debug|Any CPU.ActiveCfg = Debug|Any CPU
		{76F71A33-9283-FD87-80FC-CF058BC92E1B}.Debug|Any CPU.Build.0 = Debug|Any CPU
		{76F71A33-9283-FD87-80FC-CF058BC92E1B}.Release|Any CPU.ActiveCfg = Release|Any CPU
		{76F71A33-9283-FD87-80FC-CF058BC92E1B}.Release|Any CPU.Build.0 = Release|Any CPU
		{5E24F9A4-A3C9-CCBD-07B9-BE54B80F6666}.Debug|Any CPU.ActiveCfg = Debug|Any CPU
		{5E24F9A4-A3C9-CCBD-07B9-BE54B80F6666}.Debug|Any CPU.Build.0 = Debug|Any CPU
		{5E24F9A4-A3C9-CCBD-07B9-BE54B80F6666}.Release|Any CPU.ActiveCfg = Release|Any CPU
		{5E24F9A4-A3C9-CCBD-07B9-BE54B80F6666}.Release|Any CPU.Build.0 = Release|Any CPU
		{677EE7EB-F252-4402-706C-B3C3B0CB7870}.Debug|Any CPU.ActiveCfg = Debug|Any CPU
		{677EE7EB-F252-4402-706C-B3C3B0CB7870}.Debug|Any CPU.Build.0 = Debug|Any CPU
		{677EE7EB-F252-4402-706C-B3C3B0CB7870}.Release|Any CPU.ActiveCfg = Release|Any CPU
		{677EE7EB-F252-4402-706C-B3C3B0CB7870}.Release|Any CPU.Build.0 = Release|Any CPU
		{3DA8CBBF-60C3-1EE4-2F4C-B0BAC81B8596}.Debug|Any CPU.ActiveCfg = Debug|Any CPU
		{3DA8CBBF-60C3-1EE4-2F4C-B0BAC81B8596}.Debug|Any CPU.Build.0 = Debug|Any CPU
		{3DA8CBBF-60C3-1EE4-2F4C-B0BAC81B8596}.Release|Any CPU.ActiveCfg = Release|Any CPU
		{3DA8CBBF-60C3-1EE4-2F4C-B0BAC81B8596}.Release|Any CPU.Build.0 = Release|Any CPU
		{A9C2E858-00F9-D3FF-414D-F4A29C97DD56}.Debug|Any CPU.ActiveCfg = Debug|Any CPU
		{A9C2E858-00F9-D3FF-414D-F4A29C97DD56}.Debug|Any CPU.Build.0 = Debug|Any CPU
		{A9C2E858-00F9-D3FF-414D-F4A29C97DD56}.Release|Any CPU.ActiveCfg = Release|Any CPU
		{A9C2E858-00F9-D3FF-414D-F4A29C97DD56}.Release|Any CPU.Build.0 = Release|Any CPU
		{597FE6AE-BD2B-B6B3-6C2A-A4649C2C3D16}.Debug|Any CPU.ActiveCfg = Debug|Any CPU
		{597FE6AE-BD2B-B6B3-6C2A-A4649C2C3D16}.Debug|Any CPU.Build.0 = Debug|Any CPU
		{597FE6AE-BD2B-B6B3-6C2A-A4649C2C3D16}.Release|Any CPU.ActiveCfg = Release|Any CPU
		{597FE6AE-BD2B-B6B3-6C2A-A4649C2C3D16}.Release|Any CPU.Build.0 = Release|Any CPU
		{BC6D0268-7A99-75F4-D6D0-264B662C1692}.Debug|Any CPU.ActiveCfg = Debug|Any CPU
		{BC6D0268-7A99-75F4-D6D0-264B662C1692}.Debug|Any CPU.Build.0 = Debug|Any CPU
		{BC6D0268-7A99-75F4-D6D0-264B662C1692}.Release|Any CPU.ActiveCfg = Release|Any CPU
		{BC6D0268-7A99-75F4-D6D0-264B662C1692}.Release|Any CPU.Build.0 = Release|Any CPU
		{1B8FE01A-7D61-E1BC-3E4A-9202756198E1}.Debug|Any CPU.ActiveCfg = Debug|Any CPU
		{1B8FE01A-7D61-E1BC-3E4A-9202756198E1}.Debug|Any CPU.Build.0 = Debug|Any CPU
		{1B8FE01A-7D61-E1BC-3E4A-9202756198E1}.Release|Any CPU.ActiveCfg = Release|Any CPU
		{1B8FE01A-7D61-E1BC-3E4A-9202756198E1}.Release|Any CPU.Build.0 = Release|Any CPU
		{8E140884-A5D7-F19F-ADDE-C7B2E4196AA7}.Debug|Any CPU.ActiveCfg = Debug|Any CPU
		{8E140884-A5D7-F19F-ADDE-C7B2E4196AA7}.Debug|Any CPU.Build.0 = Debug|Any CPU
		{8E140884-A5D7-F19F-ADDE-C7B2E4196AA7}.Release|Any CPU.ActiveCfg = Release|Any CPU
		{8E140884-A5D7-F19F-ADDE-C7B2E4196AA7}.Release|Any CPU.Build.0 = Release|Any CPU
		{0E399211-9AA4-681D-EFC5-101D860BBAF1}.Debug|Any CPU.ActiveCfg = Debug|Any CPU
		{0E399211-9AA4-681D-EFC5-101D860BBAF1}.Debug|Any CPU.Build.0 = Debug|Any CPU
		{0E399211-9AA4-681D-EFC5-101D860BBAF1}.Release|Any CPU.ActiveCfg = Release|Any CPU
		{0E399211-9AA4-681D-EFC5-101D860BBAF1}.Release|Any CPU.Build.0 = Release|Any CPU
		{826DC154-5D4C-45AA-D380-3F968E252F81}.Debug|Any CPU.ActiveCfg = Debug|Any CPU
		{826DC154-5D4C-45AA-D380-3F968E252F81}.Debug|Any CPU.Build.0 = Debug|Any CPU
		{826DC154-5D4C-45AA-D380-3F968E252F81}.Release|Any CPU.ActiveCfg = Release|Any CPU
		{826DC154-5D4C-45AA-D380-3F968E252F81}.Release|Any CPU.Build.0 = Release|Any CPU
	EndGlobalSection
	GlobalSection(SolutionProperties) = preSolution
		HideSolutionNode = FALSE
	EndGlobalSection
EndGlobal
